// !$*UTF8*$!
{
	archiveVersion = 1;
	classes = {
	};
	objectVersion = 55;
	objects = {

/* Begin PBXBuildFile section */
		B32C0E382888ADB400A26EB6 /* AppDelegate.swift in Sources */ = {isa = PBXBuildFile; fileRef = B32C0E372888ADB400A26EB6 /* AppDelegate.swift */; };
		B32C0E3A2888ADB400A26EB6 /* SceneDelegate.swift in Sources */ = {isa = PBXBuildFile; fileRef = B32C0E392888ADB400A26EB6 /* SceneDelegate.swift */; };
		B32C0E3C2888ADB400A26EB6 /* ViewController.swift in Sources */ = {isa = PBXBuildFile; fileRef = B32C0E3B2888ADB400A26EB6 /* ViewController.swift */; };
		B32C0E3F2888ADB500A26EB6 /* Main.storyboard in Resources */ = {isa = PBXBuildFile; fileRef = B32C0E3D2888ADB500A26EB6 /* Main.storyboard */; };
		B32C0E412888ADD200A26EB6 /* Assets.xcassets in Resources */ = {isa = PBXBuildFile; fileRef = B32C0E402888ADD200A26EB6 /* Assets.xcassets */; };
		B32C0E442888ADD200A26EB6 /* LaunchScreen.storyboard in Resources */ = {isa = PBXBuildFile; fileRef = B32C0E422888ADD200A26EB6 /* LaunchScreen.storyboard */; };
		B32C0E512888AFD500A26EB6 /* BookModel.swift in Sources */ = {isa = PBXBuildFile; fileRef = B32C0E502888AFD500A26EB6 /* BookModel.swift */; };
		B32C0E532888B08000A26EB6 /* APIController.swift in Sources */ = {isa = PBXBuildFile; fileRef = B32C0E522888B08000A26EB6 /* APIController.swift */; };
		B32C0E552888B09F00A26EB6 /* Dialog.swift in Sources */ = {isa = PBXBuildFile; fileRef = B32C0E542888B09F00A26EB6 /* Dialog.swift */; };
		B32C0E572888B0BD00A26EB6 /* MainViewModel.swift in Sources */ = {isa = PBXBuildFile; fileRef = B32C0E562888B0BD00A26EB6 /* MainViewModel.swift */; };
		B32C0E5A2888B3CD00A26EB6 /* BookTableViewCell.swift in Sources */ = {isa = PBXBuildFile; fileRef = B32C0E582888B3CD00A26EB6 /* BookTableViewCell.swift */; };
		B32C0E5B2888B3CD00A26EB6 /* BookTableViewCell.xib in Resources */ = {isa = PBXBuildFile; fileRef = B32C0E592888B3CD00A26EB6 /* BookTableViewCell.xib */; };
		B425BB38C3BF9D32EEC90FCD /* Pods_books.framework in Frameworks */ = {isa = PBXBuildFile; fileRef = E9433DBF9429A6C73360D459 /* Pods_books.framework */; };
/* End PBXBuildFile section */

/* Begin PBXFileReference section */
		00EF18BD01868B325074D416 /* Pods-books.debug.xcconfig */ = {isa = PBXFileReference; includeInIndex = 1; lastKnownFileType = text.xcconfig; name = "Pods-books.debug.xcconfig"; path = "Target Support Files/Pods-books/Pods-books.debug.xcconfig"; sourceTree = "<group>"; };
		B32C0E342888ADB400A26EB6 /* books.app */ = {isa = PBXFileReference; explicitFileType = wrapper.application; includeInIndex = 0; path = books.app; sourceTree = BUILT_PRODUCTS_DIR; };
		B32C0E372888ADB400A26EB6 /* AppDelegate.swift */ = {isa = PBXFileReference; lastKnownFileType = sourcecode.swift; path = AppDelegate.swift; sourceTree = "<group>"; };
		B32C0E392888ADB400A26EB6 /* SceneDelegate.swift */ = {isa = PBXFileReference; lastKnownFileType = sourcecode.swift; path = SceneDelegate.swift; sourceTree = "<group>"; };
		B32C0E3B2888ADB400A26EB6 /* ViewController.swift */ = {isa = PBXFileReference; lastKnownFileType = sourcecode.swift; path = ViewController.swift; sourceTree = "<group>"; };
		B32C0E3E2888ADB500A26EB6 /* Base */ = {isa = PBXFileReference; lastKnownFileType = file.storyboard; name = Base; path = Base.lproj/Main.storyboard; sourceTree = "<group>"; };
		B32C0E402888ADD200A26EB6 /* Assets.xcassets */ = {isa = PBXFileReference; lastKnownFileType = folder.assetcatalog; path = Assets.xcassets; sourceTree = "<group>"; };
		B32C0E432888ADD200A26EB6 /* Base */ = {isa = PBXFileReference; lastKnownFileType = file.storyboard; name = Base; path = Base.lproj/LaunchScreen.storyboard; sourceTree = "<group>"; };
		B32C0E452888ADD200A26EB6 /* Info.plist */ = {isa = PBXFileReference; lastKnownFileType = text.plist.xml; path = Info.plist; sourceTree = "<group>"; };
		B32C0E502888AFD500A26EB6 /* BookModel.swift */ = {isa = PBXFileReference; lastKnownFileType = sourcecode.swift; path = BookModel.swift; sourceTree = "<group>"; };
		B32C0E522888B08000A26EB6 /* APIController.swift */ = {isa = PBXFileReference; lastKnownFileType = sourcecode.swift; path = APIController.swift; sourceTree = "<group>"; };
		B32C0E542888B09F00A26EB6 /* Dialog.swift */ = {isa = PBXFileReference; lastKnownFileType = sourcecode.swift; path = Dialog.swift; sourceTree = "<group>"; };
		B32C0E562888B0BD00A26EB6 /* MainViewModel.swift */ = {isa = PBXFileReference; lastKnownFileType = sourcecode.swift; path = MainViewModel.swift; sourceTree = "<group>"; };
		B32C0E582888B3CD00A26EB6 /* BookTableViewCell.swift */ = {isa = PBXFileReference; lastKnownFileType = sourcecode.swift; path = BookTableViewCell.swift; sourceTree = "<group>"; };
		B32C0E592888B3CD00A26EB6 /* BookTableViewCell.xib */ = {isa = PBXFileReference; lastKnownFileType = file.xib; path = BookTableViewCell.xib; sourceTree = "<group>"; };
		E9433DBF9429A6C73360D459 /* Pods_books.framework */ = {isa = PBXFileReference; explicitFileType = wrapper.framework; includeInIndex = 0; path = Pods_books.framework; sourceTree = BUILT_PRODUCTS_DIR; };
		EF45E0F86819E12E13760D19 /* Pods-books.release.xcconfig */ = {isa = PBXFileReference; includeInIndex = 1; lastKnownFileType = text.xcconfig; name = "Pods-books.release.xcconfig"; path = "Target Support Files/Pods-books/Pods-books.release.xcconfig"; sourceTree = "<group>"; };
/* End PBXFileReference section */

/* Begin PBXFrameworksBuildPhase section */
		B32C0E312888ADB400A26EB6 /* Frameworks */ = {
			isa = PBXFrameworksBuildPhase;
			buildActionMask = 2147483647;
			files = (
				B425BB38C3BF9D32EEC90FCD /* Pods_books.framework in Frameworks */,
			);
			runOnlyForDeploymentPostprocessing = 0;
		};
/* End PBXFrameworksBuildPhase section */

/* Begin PBXGroup section */
		353E2052459B5964D6B758C5 /* Frameworks */ = {
			isa = PBXGroup;
			children = (
				E9433DBF9429A6C73360D459 /* Pods_books.framework */,
			);
			name = Frameworks;
			sourceTree = "<group>";
		};
		455BC9A865CF59B6B1C0439D /* Pods */ = {
			isa = PBXGroup;
			children = (
				00EF18BD01868B325074D416 /* Pods-books.debug.xcconfig */,
				EF45E0F86819E12E13760D19 /* Pods-books.release.xcconfig */,
			);
			path = Pods;
			sourceTree = "<group>";
		};
		B32C0E2B2888ADB400A26EB6 = {
			isa = PBXGroup;
			children = (
				B32C0E362888ADB400A26EB6 /* books */,
				B32C0E352888ADB400A26EB6 /* Products */,
				455BC9A865CF59B6B1C0439D /* Pods */,
				353E2052459B5964D6B758C5 /* Frameworks */,
			);
			sourceTree = "<group>";
		};
		B32C0E352888ADB400A26EB6 /* Products */ = {
			isa = PBXGroup;
			children = (
				B32C0E342888ADB400A26EB6 /* books.app */,
			);
			name = Products;
			sourceTree = "<group>";
		};
		B32C0E362888ADB400A26EB6 /* books */ = {
			isa = PBXGroup;
			children = (
				B32C0E4F2888AEFC00A26EB6 /* ViewControllers */,
				B32C0E4E2888AEF400A26EB6 /* Models */,
				B32C0E4D2888AEEB00A26EB6 /* ViewModels */,
				B32C0E4C2888AEE300A26EB6 /* Views */,
				B32C0E4B2888AEDA00A26EB6 /* Controllers */,
				B32C0E372888ADB400A26EB6 /* AppDelegate.swift */,
				B32C0E392888ADB400A26EB6 /* SceneDelegate.swift */,
				B32C0E3D2888ADB500A26EB6 /* Main.storyboard */,
				B32C0E402888ADD200A26EB6 /* Assets.xcassets */,
				B32C0E422888ADD200A26EB6 /* LaunchScreen.storyboard */,
				B32C0E452888ADD200A26EB6 /* Info.plist */,
			);
			path = books;
			sourceTree = "<group>";
		};
		B32C0E4B2888AEDA00A26EB6 /* Controllers */ = {
			isa = PBXGroup;
			children = (
				B32C0E522888B08000A26EB6 /* APIController.swift */,
			);
			path = Controllers;
			sourceTree = "<group>";
		};
		B32C0E4C2888AEE300A26EB6 /* Views */ = {
			isa = PBXGroup;
			children = (
				B32C0E542888B09F00A26EB6 /* Dialog.swift */,
				B32C0E582888B3CD00A26EB6 /* BookTableViewCell.swift */,
				B32C0E592888B3CD00A26EB6 /* BookTableViewCell.xib */,
			);
			path = Views;
			sourceTree = "<group>";
		};
		B32C0E4D2888AEEB00A26EB6 /* ViewModels */ = {
			isa = PBXGroup;
			children = (
				B32C0E562888B0BD00A26EB6 /* MainViewModel.swift */,
			);
			path = ViewModels;
			sourceTree = "<group>";
		};
		B32C0E4E2888AEF400A26EB6 /* Models */ = {
			isa = PBXGroup;
			children = (
				B32C0E502888AFD500A26EB6 /* BookModel.swift */,
			);
			path = Models;
			sourceTree = "<group>";
		};
		B32C0E4F2888AEFC00A26EB6 /* ViewControllers */ = {
			isa = PBXGroup;
			children = (
				B32C0E3B2888ADB400A26EB6 /* ViewController.swift */,
			);
			path = ViewControllers;
			sourceTree = "<group>";
		};
/* End PBXGroup section */

/* Begin PBXNativeTarget section */
		B32C0E332888ADB400A26EB6 /* books */ = {
			isa = PBXNativeTarget;
			buildConfigurationList = B32C0E482888ADD200A26EB6 /* Build configuration list for PBXNativeTarget "books" */;
			buildPhases = (
				2CA9699982E6B9BBFB4B1BA9 /* [CP] Check Pods Manifest.lock */,
				B32C0E302888ADB400A26EB6 /* Sources */,
				B32C0E312888ADB400A26EB6 /* Frameworks */,
				B32C0E322888ADB400A26EB6 /* Resources */,
				80982A9FBAB6B2A23FD22479 /* [CP] Embed Pods Frameworks */,
			);
			buildRules = (
			);
			dependencies = (
			);
			name = books;
			productName = books;
			productReference = B32C0E342888ADB400A26EB6 /* books.app */;
			productType = "com.apple.product-type.application";
		};
/* End PBXNativeTarget section */

/* Begin PBXProject section */
		B32C0E2C2888ADB400A26EB6 /* Project object */ = {
			isa = PBXProject;
			attributes = {
				BuildIndependentTargetsInParallel = 1;
				LastSwiftUpdateCheck = 1300;
				LastUpgradeCheck = 1300;
				TargetAttributes = {
					B32C0E332888ADB400A26EB6 = {
						CreatedOnToolsVersion = 13.0;
					};
				};
			};
			buildConfigurationList = B32C0E2F2888ADB400A26EB6 /* Build configuration list for PBXProject "books" */;
			compatibilityVersion = "Xcode 13.0";
			developmentRegion = en;
			hasScannedForEncodings = 0;
			knownRegions = (
				en,
				Base,
			);
			mainGroup = B32C0E2B2888ADB400A26EB6;
			productRefGroup = B32C0E352888ADB400A26EB6 /* Products */;
			projectDirPath = "";
			projectRoot = "";
			targets = (
				B32C0E332888ADB400A26EB6 /* books */,
			);
		};
/* End PBXProject section */

/* Begin PBXResourcesBuildPhase section */
		B32C0E322888ADB400A26EB6 /* Resources */ = {
			isa = PBXResourcesBuildPhase;
			buildActionMask = 2147483647;
			files = (
				B32C0E5B2888B3CD00A26EB6 /* BookTableViewCell.xib in Resources */,
				B32C0E442888ADD200A26EB6 /* LaunchScreen.storyboard in Resources */,
				B32C0E412888ADD200A26EB6 /* Assets.xcassets in Resources */,
				B32C0E3F2888ADB500A26EB6 /* Main.storyboard in Resources */,
			);
			runOnlyForDeploymentPostprocessing = 0;
		};
/* End PBXResourcesBuildPhase section */

/* Begin PBXShellScriptBuildPhase section */
		2CA9699982E6B9BBFB4B1BA9 /* [CP] Check Pods Manifest.lock */ = {
			isa = PBXShellScriptBuildPhase;
			buildActionMask = 2147483647;
			files = (
			);
			inputFileListPaths = (
			);
			inputPaths = (
				"${PODS_PODFILE_DIR_PATH}/Podfile.lock",
				"${PODS_ROOT}/Manifest.lock",
			);
			name = "[CP] Check Pods Manifest.lock";
			outputFileListPaths = (
			);
			outputPaths = (
				"$(DERIVED_FILE_DIR)/Pods-books-checkManifestLockResult.txt",
			);
			runOnlyForDeploymentPostprocessing = 0;
			shellPath = /bin/sh;
			shellScript = "diff \"${PODS_PODFILE_DIR_PATH}/Podfile.lock\" \"${PODS_ROOT}/Manifest.lock\" > /dev/null\nif [ $? != 0 ] ; then\n    # print error to STDERR\n    echo \"error: The sandbox is not in sync with the Podfile.lock. Run 'pod install' or update your CocoaPods installation.\" >&2\n    exit 1\nfi\n# This output is used by Xcode 'outputs' to avoid re-running this script phase.\necho \"SUCCESS\" > \"${SCRIPT_OUTPUT_FILE_0}\"\n";
			showEnvVarsInLog = 0;
		};
		80982A9FBAB6B2A23FD22479 /* [CP] Embed Pods Frameworks */ = {
			isa = PBXShellScriptBuildPhase;
			buildActionMask = 2147483647;
			files = (
			);
			inputFileListPaths = (
				"${PODS_ROOT}/Target Support Files/Pods-books/Pods-books-frameworks-${CONFIGURATION}-input-files.xcfilelist",
			);
			name = "[CP] Embed Pods Frameworks";
			outputFileListPaths = (
				"${PODS_ROOT}/Target Support Files/Pods-books/Pods-books-frameworks-${CONFIGURATION}-output-files.xcfilelist",
			);
			runOnlyForDeploymentPostprocessing = 0;
			shellPath = /bin/sh;
			shellScript = "\"${PODS_ROOT}/Target Support Files/Pods-books/Pods-books-frameworks.sh\"\n";
			showEnvVarsInLog = 0;
		};
/* End PBXShellScriptBuildPhase section */

/* Begin PBXSourcesBuildPhase section */
		B32C0E302888ADB400A26EB6 /* Sources */ = {
			isa = PBXSourcesBuildPhase;
			buildActionMask = 2147483647;
			files = (
				B32C0E5A2888B3CD00A26EB6 /* BookTableViewCell.swift in Sources */,
				B32C0E572888B0BD00A26EB6 /* MainViewModel.swift in Sources */,
				B32C0E3C2888ADB400A26EB6 /* ViewController.swift in Sources */,
				B32C0E382888ADB400A26EB6 /* AppDelegate.swift in Sources */,
				B32C0E512888AFD500A26EB6 /* BookModel.swift in Sources */,
				B32C0E552888B09F00A26EB6 /* Dialog.swift in Sources */,
				B32C0E3A2888ADB400A26EB6 /* SceneDelegate.swift in Sources */,
				B32C0E532888B08000A26EB6 /* APIController.swift in Sources */,
			);
			runOnlyForDeploymentPostprocessing = 0;
		};
/* End PBXSourcesBuildPhase section */

/* Begin PBXVariantGroup section */
		B32C0E3D2888ADB500A26EB6 /* Main.storyboard */ = {
			isa = PBXVariantGroup;
			children = (
				B32C0E3E2888ADB500A26EB6 /* Base */,
			);
			name = Main.storyboard;
			sourceTree = "<group>";
		};
		B32C0E422888ADD200A26EB6 /* LaunchScreen.storyboard */ = {
			isa = PBXVariantGroup;
			children = (
				B32C0E432888ADD200A26EB6 /* Base */,
			);
			name = LaunchScreen.storyboard;
			sourceTree = "<group>";
		};
/* End PBXVariantGroup section */

/* Begin XCBuildConfiguration section */
		B32C0E462888ADD200A26EB6 /* Debug */ = {
			isa = XCBuildConfiguration;
			buildSettings = {
				ALWAYS_SEARCH_USER_PATHS = NO;
				CLANG_ANALYZER_NONNULL = YES;
				CLANG_ANALYZER_NUMBER_OBJECT_CONVERSION = YES_AGGRESSIVE;
				CLANG_CXX_LANGUAGE_STANDARD = "gnu++17";
				CLANG_CXX_LIBRARY = "libc++";
				CLANG_ENABLE_MODULES = YES;
				CLANG_ENABLE_OBJC_ARC = YES;
				CLANG_ENABLE_OBJC_WEAK = YES;
				CLANG_WARN_BLOCK_CAPTURE_AUTORELEASING = YES;
				CLANG_WARN_BOOL_CONVERSION = YES;
				CLANG_WARN_COMMA = YES;
				CLANG_WARN_CONSTANT_CONVERSION = YES;
				CLANG_WARN_DEPRECATED_OBJC_IMPLEMENTATIONS = YES;
				CLANG_WARN_DIRECT_OBJC_ISA_USAGE = YES_ERROR;
				CLANG_WARN_DOCUMENTATION_COMMENTS = YES;
				CLANG_WARN_EMPTY_BODY = YES;
				CLANG_WARN_ENUM_CONVERSION = YES;
				CLANG_WARN_INFINITE_RECURSION = YES;
				CLANG_WARN_INT_CONVERSION = YES;
				CLANG_WARN_NON_LITERAL_NULL_CONVERSION = YES;
				CLANG_WARN_OBJC_IMPLICIT_RETAIN_SELF = YES;
				CLANG_WARN_OBJC_LITERAL_CONVERSION = YES;
				CLANG_WARN_OBJC_ROOT_CLASS = YES_ERROR;
				CLANG_WARN_QUOTED_INCLUDE_IN_FRAMEWORK_HEADER = YES;
				CLANG_WARN_RANGE_LOOP_ANALYSIS = YES;
				CLANG_WARN_STRICT_PROTOTYPES = YES;
				CLANG_WARN_SUSPICIOUS_MOVE = YES;
				CLANG_WARN_UNGUARDED_AVAILABILITY = YES_AGGRESSIVE;
				CLANG_WARN_UNREACHABLE_CODE = YES;
				CLANG_WARN__DUPLICATE_METHOD_MATCH = YES;
				COPY_PHASE_STRIP = NO;
				DEBUG_INFORMATION_FORMAT = dwarf;
				ENABLE_STRICT_OBJC_MSGSEND = YES;
				ENABLE_TESTABILITY = YES;
				GCC_C_LANGUAGE_STANDARD = gnu11;
				GCC_DYNAMIC_NO_PIC = NO;
				GCC_NO_COMMON_BLOCKS = YES;
				GCC_OPTIMIZATION_LEVEL = 0;
				GCC_PREPROCESSOR_DEFINITIONS = (
					"DEBUG=1",
					"$(inherited)",
				);
				GCC_WARN_64_TO_32_BIT_CONVERSION = YES;
				GCC_WARN_ABOUT_RETURN_TYPE = YES_ERROR;
				GCC_WARN_UNDECLARED_SELECTOR = YES;
				GCC_WARN_UNINITIALIZED_AUTOS = YES_AGGRESSIVE;
				GCC_WARN_UNUSED_FUNCTION = YES;
				GCC_WARN_UNUSED_VARIABLE = YES;
				IPHONEOS_DEPLOYMENT_TARGET = 15.0;
				MTL_ENABLE_DEBUG_INFO = INCLUDE_SOURCE;
				MTL_FAST_MATH = YES;
				ONLY_ACTIVE_ARCH = YES;
				SDKROOT = iphoneos;
				SWIFT_ACTIVE_COMPILATION_CONDITIONS = DEBUG;
				SWIFT_OPTIMIZATION_LEVEL = "-Onone";
			};
			name = Debug;
		};
		B32C0E472888ADD200A26EB6 /* Release */ = {
			isa = XCBuildConfiguration;
			buildSettings = {
				ALWAYS_SEARCH_USER_PATHS = NO;
				CLANG_ANALYZER_NONNULL = YES;
				CLANG_ANALYZER_NUMBER_OBJECT_CONVERSION = YES_AGGRESSIVE;
				CLANG_CXX_LANGUAGE_STANDARD = "gnu++17";
				CLANG_CXX_LIBRARY = "libc++";
				CLANG_ENABLE_MODULES = YES;
				CLANG_ENABLE_OBJC_ARC = YES;
				CLANG_ENABLE_OBJC_WEAK = YES;
				CLANG_WARN_BLOCK_CAPTURE_AUTORELEASING = YES;
				CLANG_WARN_BOOL_CONVERSION = YES;
				CLANG_WARN_COMMA = YES;
				CLANG_WARN_CONSTANT_CONVERSION = YES;
				CLANG_WARN_DEPRECATED_OBJC_IMPLEMENTATIONS = YES;
				CLANG_WARN_DIRECT_OBJC_ISA_USAGE = YES_ERROR;
				CLANG_WARN_DOCUMENTATION_COMMENTS = YES;
				CLANG_WARN_EMPTY_BODY = YES;
				CLANG_WARN_ENUM_CONVERSION = YES;
				CLANG_WARN_INFINITE_RECURSION = YES;
				CLANG_WARN_INT_CONVERSION = YES;
				CLANG_WARN_NON_LITERAL_NULL_CONVERSION = YES;
				CLANG_WARN_OBJC_IMPLICIT_RETAIN_SELF = YES;
				CLANG_WARN_OBJC_LITERAL_CONVERSION = YES;
				CLANG_WARN_OBJC_ROOT_CLASS = YES_ERROR;
				CLANG_WARN_QUOTED_INCLUDE_IN_FRAMEWORK_HEADER = YES;
				CLANG_WARN_RANGE_LOOP_ANALYSIS = YES;
				CLANG_WARN_STRICT_PROTOTYPES = YES;
				CLANG_WARN_SUSPICIOUS_MOVE = YES;
				CLANG_WARN_UNGUARDED_AVAILABILITY = YES_AGGRESSIVE;
				CLANG_WARN_UNREACHABLE_CODE = YES;
				CLANG_WARN__DUPLICATE_METHOD_MATCH = YES;
				COPY_PHASE_STRIP = NO;
				DEBUG_INFORMATION_FORMAT = "dwarf-with-dsym";
				ENABLE_NS_ASSERTIONS = NO;
				ENABLE_STRICT_OBJC_MSGSEND = YES;
				GCC_C_LANGUAGE_STANDARD = gnu11;
				GCC_NO_COMMON_BLOCKS = YES;
				GCC_WARN_64_TO_32_BIT_CONVERSION = YES;
				GCC_WARN_ABOUT_RETURN_TYPE = YES_ERROR;
				GCC_WARN_UNDECLARED_SELECTOR = YES;
				GCC_WARN_UNINITIALIZED_AUTOS = YES_AGGRESSIVE;
				GCC_WARN_UNUSED_FUNCTION = YES;
				GCC_WARN_UNUSED_VARIABLE = YES;
				IPHONEOS_DEPLOYMENT_TARGET = 15.0;
				MTL_ENABLE_DEBUG_INFO = NO;
				MTL_FAST_MATH = YES;
				SDKROOT = iphoneos;
				SWIFT_COMPILATION_MODE = wholemodule;
				SWIFT_OPTIMIZATION_LEVEL = "-O";
				VALIDATE_PRODUCT = YES;
			};
			name = Release;
		};
		B32C0E492888ADD200A26EB6 /* Debug */ = {
			isa = XCBuildConfiguration;
			baseConfigurationReference = 00EF18BD01868B325074D416 /* Pods-books.debug.xcconfig */;
			buildSettings = {
				ASSETCATALOG_COMPILER_APPICON_NAME = AppIcon;
				ASSETCATALOG_COMPILER_GLOBAL_ACCENT_COLOR_NAME = AccentColor;
				CODE_SIGN_STYLE = Automatic;
				CURRENT_PROJECT_VERSION = 1;
				GENERATE_INFOPLIST_FILE = YES;
				INFOPLIST_FILE = books/Info.plist;
				INFOPLIST_KEY_UIApplicationSupportsIndirectInputEvents = YES;
				INFOPLIST_KEY_UILaunchStoryboardName = LaunchScreen;
				INFOPLIST_KEY_UIMainStoryboardFile = Main;
				INFOPLIST_KEY_UISupportedInterfaceOrientations_iPad = "UIInterfaceOrientationPortrait UIInterfaceOrientationPortraitUpsideDown UIInterfaceOrientationLandscapeLeft UIInterfaceOrientationLandscapeRight";
				INFOPLIST_KEY_UISupportedInterfaceOrientations_iPhone = "UIInterfaceOrientationPortrait UIInterfaceOrientationLandscapeLeft UIInterfaceOrientationLandscapeRight";
				LD_RUNPATH_SEARCH_PATHS = (
					"$(inherited)",
					"@executable_path/Frameworks",
				);
				MARKETING_VERSION = 1.0;
				PRODUCT_BUNDLE_IDENTIFIER = com.example.booklist.books;
				PRODUCT_NAME = "$(TARGET_NAME)";
				SWIFT_EMIT_LOC_STRINGS = YES;
				SWIFT_VERSION = 5.0;
				TARGETED_DEVICE_FAMILY = "1,2";
			};
			name = Debug;
		};
		B32C0E4A2888ADD200A26EB6 /* Release */ = {
			isa = XCBuildConfiguration;
			baseConfigurationReference = EF45E0F86819E12E13760D19 /* Pods-books.release.xcconfig */;
			buildSettings = {
				ASSETCATALOG_COMPILER_APPICON_NAME = AppIcon;
				ASSETCATALOG_COMPILER_GLOBAL_ACCENT_COLOR_NAME = AccentColor;
				CODE_SIGN_STYLE = Automatic;
				CURRENT_PROJECT_VERSION = 1;
				GENERATE_INFOPLIST_FILE = YES;
				INFOPLIST_FILE = books/Info.plist;
				INFOPLIST_KEY_UIApplicationSupportsIndirectInputEvents = YES;
				INFOPLIST_KEY_UILaunchStoryboardName = LaunchScreen;
				INFOPLIST_KEY_UIMainStoryboardFile = Main;
				INFOPLIST_KEY_UISupportedInterfaceOrientations_iPad = "UIInterfaceOrientationPortrait UIInterfaceOrientationPortraitUpsideDown UIInterfaceOrientationLandscapeLeft UIInterfaceOrientationLandscapeRight";
				INFOPLIST_KEY_UISupportedInterfaceOrientations_iPhone = "UIInterfaceOrientationPortrait UIInterfaceOrientationLandscapeLeft UIInterfaceOrientationLandscapeRight";
				LD_RUNPATH_SEARCH_PATHS = (
					"$(inherited)",
					"@executable_path/Frameworks",
				);
				MARKETING_VERSION = 1.0;
				PRODUCT_BUNDLE_IDENTIFIER = com.example.booklist.books;
				PRODUCT_NAME = "$(TARGET_NAME)";
				SWIFT_EMIT_LOC_STRINGS = YES;
				SWIFT_VERSION = 5.0;
				TARGETED_DEVICE_FAMILY = "1,2";
			};
			name = Release;
		};
/* End XCBuildConfiguration section */

/* Begin XCConfigurationList section */
		B32C0E2F2888ADB400A26EB6 /* Build configuration list for PBXProject "books" */ = {
			isa = XCConfigurationList;
			buildConfigurations = (
				B32C0E462888ADD200A26EB6 /* Debug */,
				B32C0E472888ADD200A26EB6 /* Release */,
			);
			defaultConfigurationIsVisible = 0;
			defaultConfigurationName = Release;
		};
		B32C0E482888ADD200A26EB6 /* Build configuration list for PBXNativeTarget "books" */ = {
			isa = XCConfigurationList;
			buildConfigurations = (
				B32C0E492888ADD200A26EB6 /* Debug */,
				B32C0E4A2888ADD200A26EB6 /* Release */,
			);
			defaultConfigurationIsVisible = 0;
			defaultConfigurationName = Release;
		};
/* End XCConfigurationList section */
	};
	rootObject = B32C0E2C2888ADB400A26EB6 /* Project object */;
}
